{
  "nodes": {
    "flakeNimbleLib": {
      "inputs": {
        "nixpkgs": [
          "nixpkgs"
        ]
      },
      "locked": {
        "lastModified": 1662018438,
        "narHash": "sha256-QtNtU6+LX3Wokxf0zlFwKTFOcn6TeDjKQZ+DA9OYtvM=",
        "owner": "riinr",
        "repo": "nim-flakes-lib",
        "rev": "b1fe8340736e3a85d25c709ac3dfd82a55c03cbf",
        "type": "github"
      },
      "original": {
        "owner": "riinr",
        "ref": "master",
        "repo": "nim-flakes-lib",
        "type": "github"
      }
    },
    "nimsha2-master": {
      "inputs": {
        "flakeNimbleLib": [
          "flakeNimbleLib"
        ],
        "nixpkgs": [
          "nixpkgs"
        ],
        "src-nimSHA2-master": "src-nimSHA2-master"
      },
      "locked": {
        "dir": "master",
        "lastModified": 1667322513,
        "narHash": "sha256-7OeotBgPrri6SOqDH3CipE07FRDIBkx8delpdoBtAfA=",
        "owner": "nim-nix-pkgs",
        "repo": "nimsha2",
        "rev": "026db26a96e393631a2937998009aad54d38149c",
        "type": "github"
      },
      "original": {
        "dir": "master",
        "owner": "nim-nix-pkgs",
        "ref": "master",
        "repo": "nimsha2",
        "type": "github"
      }
    },
    "nixpkgs": {
      "locked": {
        "lastModified": 1667199707,
        "narHash": "sha256-I2Js3Y7gUyVSEXPULHlBoRek4Lh85vnevdS6mdvDNLI=",
        "owner": "NixOS",
        "repo": "nixpkgs",
        "rev": "ced197be72099edcfa68ebed8b87af7b04851f45",
        "type": "github"
      },
      "original": {
        "id": "nixpkgs",
        "type": "indirect"
      }
    },
    "root": {
      "inputs": {
        "flakeNimbleLib": "flakeNimbleLib",
        "nimsha2-master": "nimsha2-master",
        "nixpkgs": "nixpkgs"
      }
    },
    "src-nimSHA2-master": {
      "flake": false,
      "locked": {
        "lastModified": 1631171307,
        "narHash": "sha256-Wqb3mQ7638UOTze71mf6WMyGiw9qTwhbJiGGb+9OR2k=",
        "owner": "jangko",
        "repo": "nimSHA2",
        "rev": "b8f666069dff1ed0c5142dd1ca692f0e71434716",
        "type": "github"
      },
      "original": {
        "owner": "jangko",
        "ref": "refs/heads/master",
        "repo": "nimSHA2",
        "type": "github"
      }
    }
  },
  "root": "root",
  "version": 7
}
